
Microsoft Visual Studio Solution File, Format Version 12.00
# Visual Studio Version 16
VisualStudioVersion = 16.0.31205.134
MinimumVisualStudioVersion = 10.0.40219.1
Project("{FAE04EC0-301F-11D3-BF4B-00C04F79EFBC}") = "AndreaPerez.Android", "AndreaPerez.Android\AndreaPerez.Android.csproj", "{AA45214B-072F-4B45-977C-CF604A89C2F9}"
EndProject
Project("{FAE04EC0-301F-11D3-BF4B-00C04F79EFBC}") = "AndreaPerez.iOS", "AndreaPerez.iOS\AndreaPerez.iOS.csproj", "{2EBAB8D3-6AAB-4BEA-864C-7A3D73FD0312}"
EndProject
Project("{FAE04EC0-301F-11D3-BF4B-00C04F79EFBC}") = "AndreaPerez", "AndreaPerez\AndreaPerez.csproj", "{E07CE060-2F17-4277-B6A3-F62E216036CD}"
EndProject
Global
	GlobalSection(SolutionConfigurationPlatforms) = preSolution
		Debug|Any CPU = Debug|Any CPU
		Debug|iPhone = Debug|iPhone
		Debug|iPhoneSimulator = Debug|iPhoneSimulator
		Release|Any CPU = Release|Any CPU
		Release|iPhone = Release|iPhone
		Release|iPhoneSimulator = Release|iPhoneSimulator
	EndGlobalSection
	GlobalSection(ProjectConfigurationPlatforms) = postSolution
		{AA45214B-072F-4B45-977C-CF604A89C2F9}.Debug|Any CPU.ActiveCfg = Debug|Any CPU
		{AA45214B-072F-4B45-977C-CF604A89C2F9}.Debug|Any CPU.Build.0 = Debug|Any CPU
		{AA45214B-072F-4B45-977C-CF604A89C2F9}.Debug|Any CPU.Deploy.0 = Debug|Any CPU
		{AA45214B-072F-4B45-977C-CF604A89C2F9}.Debug|iPhone.ActiveCfg = Debug|Any CPU
		{AA45214B-072F-4B45-977C-CF604A89C2F9}.Debug|iPhone.Build.0 = Debug|Any CPU
		{AA45214B-072F-4B45-977C-CF604A89C2F9}.Debug|iPhone.Deploy.0 = Debug|Any CPU
		{AA45214B-072F-4B45-977C-CF604A89C2F9}.Debug|iPhoneSimulator.ActiveCfg = Debug|Any CPU
		{AA45214B-072F-4B45-977C-CF604A89C2F9}.Debug|iPhoneSimulator.Build.0 = Debug|Any CPU
		{AA45214B-072F-4B45-977C-CF604A89C2F9}.Debug|iPhoneSimulator.Deploy.0 = Debug|Any CPU
		{AA45214B-072F-4B45-977C-CF604A89C2F9}.Release|Any CPU.ActiveCfg = Release|Any CPU
		{AA45214B-072F-4B45-977C-CF604A89C2F9}.Release|Any CPU.Build.0 = Release|Any CPU
		{AA45214B-072F-4B45-977C-CF604A89C2F9}.Release|Any CPU.Deploy.0 = Release|Any CPU
		{AA45214B-072F-4B45-977C-CF604A89C2F9}.Release|iPhone.ActiveCfg = Release|Any CPU
		{AA45214B-072F-4B45-977C-CF604A89C2F9}.Release|iPhone.Build.0 = Release|Any CPU
		{AA45214B-072F-4B45-977C-CF604A89C2F9}.Release|iPhone.Deploy.0 = Release|Any CPU
		{AA45214B-072F-4B45-977C-CF604A89C2F9}.Release|iPhoneSimulator.ActiveCfg = Release|Any CPU
		{AA45214B-072F-4B45-977C-CF604A89C2F9}.Release|iPhoneSimulator.Build.0 = Release|Any CPU
		{AA45214B-072F-4B45-977C-CF604A89C2F9}.Release|iPhoneSimulator.Deploy.0 = Release|Any CPU
		{2EBAB8D3-6AAB-4BEA-864C-7A3D73FD0312}.Debug|Any CPU.ActiveCfg = Debug|iPhone
		{2EBAB8D3-6AAB-4BEA-864C-7A3D73FD0312}.Debug|Any CPU.Build.0 = Debug|iPhone
		{2EBAB8D3-6AAB-4BEA-864C-7A3D73FD0312}.Debug|Any CPU.Deploy.0 = Debug|iPhone
		{2EBAB8D3-6AAB-4BEA-864C-7A3D73FD0312}.Debug|iPhone.ActiveCfg = Debug|iPhone
		{2EBAB8D3-6AAB-4BEA-864C-7A3D73FD0312}.Debug|iPhone.Build.0 = Debug|iPhone
		{2EBAB8D3-6AAB-4BEA-864C-7A3D73FD0312}.Debug|iPhone.Deploy.0 = Debug|iPhone
		{2EBAB8D3-6AAB-4BEA-864C-7A3D73FD0312}.Debug|iPhoneSimulator.ActiveCfg = Debug|iPhoneSimulator
		{2EBAB8D3-6AAB-4BEA-864C-7A3D73FD0312}.Debug|iPhoneSimulator.Build.0 = Debug|iPhoneSimulator
		{2EBAB8D3-6AAB-4BEA-864C-7A3D73FD0312}.Debug|iPhoneSimulator.Deploy.0 = Debug|iPhoneSimulator
		{2EBAB8D3-6AAB-4BEA-864C-7A3D73FD0312}.Release|Any CPU.ActiveCfg = Release|iPhoneSimulator
		{2EBAB8D3-6AAB-4BEA-864C-7A3D73FD0312}.Release|Any CPU.Build.0 = Release|iPhoneSimulator
		{2EBAB8D3-6AAB-4BEA-864C-7A3D73FD0312}.Release|Any CPU.Deploy.0 = Release|iPhoneSimulator
		{2EBAB8D3-6AAB-4BEA-864C-7A3D73FD0312}.Release|iPhone.ActiveCfg = Release|iPhone
		{2EBAB8D3-6AAB-4BEA-864C-7A3D73FD0312}.Release|iPhone.Build.0 = Release|iPhone
		{2EBAB8D3-6AAB-4BEA-864C-7A3D73FD0312}.Release|iPhone.Deploy.0 = Release|iPhone
		{2EBAB8D3-6AAB-4BEA-864C-7A3D73FD0312}.Release|iPhoneSimulator.ActiveCfg = Release|iPhoneSimulator
		{2EBAB8D3-6AAB-4BEA-864C-7A3D73FD0312}.Release|iPhoneSimulator.Build.0 = Release|iPhoneSimulator
		{2EBAB8D3-6AAB-4BEA-864C-7A3D73FD0312}.Release|iPhoneSimulator.Deploy.0 = Release|iPhoneSimulator
		{E07CE060-2F17-4277-B6A3-F62E216036CD}.Debug|Any CPU.ActiveCfg = Debug|Any CPU
		{E07CE060-2F17-4277-B6A3-F62E216036CD}.Debug|Any CPU.Build.0 = Debug|Any CPU
		{E07CE060-2F17-4277-B6A3-F62E216036CD}.Debug|Any CPU.Deploy.0 = Debug|Any CPU
		{E07CE060-2F17-4277-B6A3-F62E216036CD}.Debug|iPhone.ActiveCfg = Debug|Any CPU
		{E07CE060-2F17-4277-B6A3-F62E216036CD}.Debug|iPhone.Build.0 = Debug|Any CPU
		{E07CE060-2F17-4277-B6A3-F62E216036CD}.Debug|iPhone.Deploy.0 = Debug|Any CPU
		{E07CE060-2F17-4277-B6A3-F62E216036CD}.Debug|iPhoneSimulator.ActiveCfg = Debug|Any CPU
		{E07CE060-2F17-4277-B6A3-F62E216036CD}.Debug|iPhoneSimulator.Build.0 = Debug|Any CPU
		{E07CE060-2F17-4277-B6A3-F62E216036CD}.Debug|iPhoneSimulator.Deploy.0 = Debug|Any CPU
		{E07CE060-2F17-4277-B6A3-F62E216036CD}.Release|Any CPU.ActiveCfg = Release|Any CPU
		{E07CE060-2F17-4277-B6A3-F62E216036CD}.Release|Any CPU.Build.0 = Release|Any CPU
		{E07CE060-2F17-4277-B6A3-F62E216036CD}.Release|Any CPU.Deploy.0 = Release|Any CPU
		{E07CE060-2F17-4277-B6A3-F62E216036CD}.Release|iPhone.ActiveCfg = Release|Any CPU
		{E07CE060-2F17-4277-B6A3-F62E216036CD}.Release|iPhone.Build.0 = Release|Any CPU
		{E07CE060-2F17-4277-B6A3-F62E216036CD}.Release|iPhone.Deploy.0 = Release|Any CPU
		{E07CE060-2F17-4277-B6A3-F62E216036CD}.Release|iPhoneSimulator.ActiveCfg = Release|Any CPU
		{E07CE060-2F17-4277-B6A3-F62E216036CD}.Release|iPhoneSimulator.Build.0 = Release|Any CPU
		{E07CE060-2F17-4277-B6A3-F62E216036CD}.Release|iPhoneSimulator.Deploy.0 = Release|Any CPU
	EndGlobalSection
	GlobalSection(SolutionProperties) = preSolution
		HideSolutionNode = FALSE
	EndGlobalSection
	GlobalSection(ExtensibilityGlobals) = postSolution
		SolutionGuid = {88A4C908-5349-43C2-A420-4112A546BA44}
	EndGlobalSection
EndGlobal
